
Microsoft Visual Studio Solution File, Format Version 12.00
# Visual Studio Version 16
VisualStudioVersion = 16.0.28803.352
MinimumVisualStudioVersion = 10.0.40219.1
Project("{9A19103F-16F7-4668-BE54-9A1E7A4F7556}") = "net.dnsclient", "net.dnsclient\net.dnsclient.csproj", "{D50E429B-66BA-4FB9-BFC4-3671196A27AA}"
EndProject
Global
	GlobalSection(SolutionConfigurationPlatforms) = preSolution
		Debug|Any CPU = Debug|Any CPU
		Release|Any CPU = Release|Any CPU
	EndGlobalSection
	GlobalSection(ProjectConfigurationPlatforms) = postSolution
		{D50E429B-66BA-4FB9-BFC4-3671196A27AA}.Debug|Any CPU.ActiveCfg = Debug|Any CPU
		{D50E429B-66BA-4FB9-BFC4-3671196A27AA}.Debug|Any CPU.Build.0 = Debug|Any CPU
		{D50E429B-66BA-4FB9-BFC4-3671196A27AA}.Release|Any CPU.ActiveCfg = Release|Any CPU
		{D50E429B-66BA-4FB9-BFC4-3671196A27AA}.Release|Any CPU.Build.0 = Release|Any CPU
	EndGlobalSection
	GlobalSection(SolutionProperties) = preSolution
		HideSolutionNode = FALSE
	EndGlobalSection
	GlobalSection(ExtensibilityGlobals) = postSolution
		SolutionGuid = {5FA457FF-93EA-44FE-8B2E-17F3C741E62A}
	EndGlobalSection
EndGlobal
